
Microsoft Visual Studio Solution File, Format Version 12.00
# Visual Studio Version 16
VisualStudioVersion = 16.0.810.11
MinimumVisualStudioVersion = 10.0.40219.1
Project("{FAE04EC0-301F-11D3-BF4B-00C04F79EFBC}") = "User_Management_System", "User_Management_System\User_Management_System.csproj", "{E89B1B11-BF97-49B0-B253-A0C84C257DF2}"
EndProject
Global
	GlobalSection(SolutionConfigurationPlatforms) = preSolution
		Debug|Any CPU = Debug|Any CPU
		Release|Any CPU = Release|Any CPU
	EndGlobalSection
	GlobalSection(ProjectConfigurationPlatforms) = postSolution
		{E89B1B11-BF97-49B0-B253-A0C84C257DF2}.Debug|Any CPU.ActiveCfg = Debug|Any CPU
		{E89B1B11-BF97-49B0-B253-A0C84C257DF2}.Debug|Any CPU.Build.0 = Debug|Any CPU
		{E89B1B11-BF97-49B0-B253-A0C84C257DF2}.Release|Any CPU.ActiveCfg = Release|Any CPU
		{E89B1B11-BF97-49B0-B253-A0C84C257DF2}.Release|Any CPU.Build.0 = Release|Any CPU
	EndGlobalSection
	GlobalSection(SolutionProperties) = preSolution
		HideSolutionNode = FALSE
	EndGlobalSection
	GlobalSection(ExtensibilityGlobals) = postSolution
		SolutionGuid = {4B456E02-051D-4978-BC8C-BDC849EC26D2}
	EndGlobalSection
EndGlobal
